// !$*UTF8*$!
{
	archiveVersion = 1;
	classes = {
	};
	objectVersion = 46;
	objects = {

/* Begin PBXBuildFile section */
		F3A9033A19BAB636007CF8A9 /* Foundation.framework in Frameworks */ = {isa = PBXBuildFile; fileRef = F3A9033919BAB636007CF8A9 /* Foundation.framework */; };
		F3A9033C19BAB636007CF8A9 /* CoreGraphics.framework in Frameworks */ = {isa = PBXBuildFile; fileRef = F3A9033B19BAB636007CF8A9 /* CoreGraphics.framework */; };
		F3A9033E19BAB636007CF8A9 /* UIKit.framework in Frameworks */ = {isa = PBXBuildFile; fileRef = F3A9033D19BAB636007CF8A9 /* UIKit.framework */; };
		F3A9034419BAB636007CF8A9 /* InfoPlist.strings in Resources */ = {isa = PBXBuildFile; fileRef = F3A9034219BAB636007CF8A9 /* InfoPlist.strings */; };
		F3A9034619BAB636007CF8A9 /* main.m in Sources */ = {isa = PBXBuildFile; fileRef = F3A9034519BAB636007CF8A9 /* main.m */; };
		F3A9034A19BAB636007CF8A9 /* CPAppDelegate.m in Sources */ = {isa = PBXBuildFile; fileRef = F3A9034919BAB636007CF8A9 /* CPAppDelegate.m */; };
		F3A9034D19BAB636007CF8A9 /* Main.storyboard in Resources */ = {isa = PBXBuildFile; fileRef = F3A9034B19BAB636007CF8A9 /* Main.storyboard */; };
		F3A9035019BAB636007CF8A9 /* CPViewController.m in Sources */ = {isa = PBXBuildFile; fileRef = F3A9034F19BAB636007CF8A9 /* CPViewController.m */; };
		F3A9035219BAB636007CF8A9 /* Images.xcassets in Resources */ = {isa = PBXBuildFile; fileRef = F3A9035119BAB636007CF8A9 /* Images.xcassets */; };
		F3A9035919BAB636007CF8A9 /* XCTest.framework in Frameworks */ = {isa = PBXBuildFile; fileRef = F3A9035819BAB636007CF8A9 /* XCTest.framework */; };
		F3A9035A19BAB636007CF8A9 /* Foundation.framework in Frameworks */ = {isa = PBXBuildFile; fileRef = F3A9033919BAB636007CF8A9 /* Foundation.framework */; };
		F3A9035B19BAB636007CF8A9 /* UIKit.framework in Frameworks */ = {isa = PBXBuildFile; fileRef = F3A9033D19BAB636007CF8A9 /* UIKit.framework */; };
		F3A9036319BAB636007CF8A9 /* InfoPlist.strings in Resources */ = {isa = PBXBuildFile; fileRef = F3A9036119BAB636007CF8A9 /* InfoPlist.strings */; };
		F3A9036519BAB636007CF8A9 /* GIT_TestTests.m in Sources */ = {isa = PBXBuildFile; fileRef = F3A9036419BAB636007CF8A9 /* GIT_TestTests.m */; };
/* End PBXBuildFile section */

/* Begin PBXContainerItemProxy section */
		F3A9035C19BAB636007CF8A9 /* PBXContainerItemProxy */ = {
			isa = PBXContainerItemProxy;
			containerPortal = F3A9032E19BAB636007CF8A9 /* Project object */;
			proxyType = 1;
			remoteGlobalIDString = F3A9033519BAB636007CF8A9;
			remoteInfo = "GIT Test";
		};
/* End PBXContainerItemProxy section */

/* Begin PBXFileReference section */
		F3A9033619BAB636007CF8A9 /* GIT Test.app */ = {isa = PBXFileReference; explicitFileType = wrapper.application; includeInIndex = 0; path = "GIT Test.app"; sourceTree = BUILT_PRODUCTS_DIR; };
		F3A9033919BAB636007CF8A9 /* Foundation.framework */ = {isa = PBXFileReference; lastKnownFileType = wrapper.framework; name = Foundation.framework; path = System/Library/Frameworks/Foundation.framework; sourceTree = SDKROOT; };
		F3A9033B19BAB636007CF8A9 /* CoreGraphics.framework */ = {isa = PBXFileReference; lastKnownFileType = wrapper.framework; name = CoreGraphics.framework; path = System/Library/Frameworks/CoreGraphics.framework; sourceTree = SDKROOT; };
		F3A9033D19BAB636007CF8A9 /* UIKit.framework */ = {isa = PBXFileReference; lastKnownFileType = wrapper.framework; name = UIKit.framework; path = System/Library/Frameworks/UIKit.framework; sourceTree = SDKROOT; };
		F3A9034119BAB636007CF8A9 /* GIT Test-Info.plist */ = {isa = PBXFileReference; lastKnownFileType = text.plist.xml; path = "GIT Test-Info.plist"; sourceTree = "<group>"; };
		F3A9034319BAB636007CF8A9 /* en */ = {isa = PBXFileReference; lastKnownFileType = text.plist.strings; name = en; path = en.lproj/InfoPlist.strings; sourceTree = "<group>"; };
		F3A9034519BAB636007CF8A9 /* main.m */ = {isa = PBXFileReference; lastKnownFileType = sourcecode.c.objc; path = main.m; sourceTree = "<group>"; };
		F3A9034719BAB636007CF8A9 /* GIT Test-Prefix.pch */ = {isa = PBXFileReference; lastKnownFileType = sourcecode.c.h; path = "GIT Test-Prefix.pch"; sourceTree = "<group>"; };
		F3A9034819BAB636007CF8A9 /* CPAppDelegate.h */ = {isa = PBXFileReference; lastKnownFileType = sourcecode.c.h; path = CPAppDelegate.h; sourceTree = "<group>"; };
		F3A9034919BAB636007CF8A9 /* CPAppDelegate.m */ = {isa = PBXFileReference; lastKnownFileType = sourcecode.c.objc; path = CPAppDelegate.m; sourceTree = "<group>"; };
		F3A9034C19BAB636007CF8A9 /* Base */ = {isa = PBXFileReference; lastKnownFileType = file.storyboard; name = Base; path = Base.lproj/Main.storyboard; sourceTree = "<group>"; };
		F3A9034E19BAB636007CF8A9 /* CPViewController.h */ = {isa = PBXFileReference; lastKnownFileType = sourcecode.c.h; path = CPViewController.h; sourceTree = "<group>"; };
		F3A9034F19BAB636007CF8A9 /* CPViewController.m */ = {isa = PBXFileReference; lastKnownFileType = sourcecode.c.objc; path = CPViewController.m; sourceTree = "<group>"; };
		F3A9035119BAB636007CF8A9 /* Images.xcassets */ = {isa = PBXFileReference; lastKnownFileType = folder.assetcatalog; path = Images.xcassets; sourceTree = "<group>"; };
		F3A9035719BAB636007CF8A9 /* GIT TestTests.xctest */ = {isa = PBXFileReference; explicitFileType = wrapper.cfbundle; includeInIndex = 0; path = "GIT TestTests.xctest"; sourceTree = BUILT_PRODUCTS_DIR; };
		F3A9035819BAB636007CF8A9 /* XCTest.framework */ = {isa = PBXFileReference; lastKnownFileType = wrapper.framework; name = XCTest.framework; path = Library/Frameworks/XCTest.framework; sourceTree = DEVELOPER_DIR; };
		F3A9036019BAB636007CF8A9 /* GIT TestTests-Info.plist */ = {isa = PBXFileReference; lastKnownFileType = text.plist.xml; path = "GIT TestTests-Info.plist"; sourceTree = "<group>"; };
		F3A9036219BAB636007CF8A9 /* en */ = {isa = PBXFileReference; lastKnownFileType = text.plist.strings; name = en; path = en.lproj/InfoPlist.strings; sourceTree = "<group>"; };
		F3A9036419BAB636007CF8A9 /* GIT_TestTests.m */ = {isa = PBXFileReference; lastKnownFileType = sourcecode.c.objc; path = GIT_TestTests.m; sourceTree = "<group>"; };
/* End PBXFileReference section */

/* Begin PBXFrameworksBuildPhase section */
		F3A9033319BAB636007CF8A9 /* Frameworks */ = {
			isa = PBXFrameworksBuildPhase;
			buildActionMask = 2147483647;
			files = (
				F3A9033C19BAB636007CF8A9 /* CoreGraphics.framework in Frameworks */,
				F3A9033E19BAB636007CF8A9 /* UIKit.framework in Frameworks */,
				F3A9033A19BAB636007CF8A9 /* Foundation.framework in Frameworks */,
			);
			runOnlyForDeploymentPostprocessing = 0;
		};
		F3A9035419BAB636007CF8A9 /* Frameworks */ = {
			isa = PBXFrameworksBuildPhase;
			buildActionMask = 2147483647;
			files = (
				F3A9035919BAB636007CF8A9 /* XCTest.framework in Frameworks */,
				F3A9035B19BAB636007CF8A9 /* UIKit.framework in Frameworks */,
				F3A9035A19BAB636007CF8A9 /* Foundation.framework in Frameworks */,
			);
			runOnlyForDeploymentPostprocessing = 0;
		};
/* End PBXFrameworksBuildPhase section */

/* Begin PBXGroup section */
		F3A9032D19BAB636007CF8A9 = {
			isa = PBXGroup;
			children = (
				F3A9033F19BAB636007CF8A9 /* GIT Test */,
				F3A9035E19BAB636007CF8A9 /* GIT TestTests */,
				F3A9033819BAB636007CF8A9 /* Frameworks */,
				F3A9033719BAB636007CF8A9 /* Products */,
			);
			sourceTree = "<group>";
		};
		F3A9033719BAB636007CF8A9 /* Products */ = {
			isa = PBXGroup;
			children = (
				F3A9033619BAB636007CF8A9 /* GIT Test.app */,
				F3A9035719BAB636007CF8A9 /* GIT TestTests.xctest */,
			);
			name = Products;
			sourceTree = "<group>";
		};
		F3A9033819BAB636007CF8A9 /* Frameworks */ = {
			isa = PBXGroup;
			children = (
				F3A9033919BAB636007CF8A9 /* Foundation.framework */,
				F3A9033B19BAB636007CF8A9 /* CoreGraphics.framework */,
				F3A9033D19BAB636007CF8A9 /* UIKit.framework */,
				F3A9035819BAB636007CF8A9 /* XCTest.framework */,
			);
			name = Frameworks;
			sourceTree = "<group>";
		};
		F3A9033F19BAB636007CF8A9 /* GIT Test */ = {
			isa = PBXGroup;
			children = (
				F3A9034819BAB636007CF8A9 /* CPAppDelegate.h */,
				F3A9034919BAB636007CF8A9 /* CPAppDelegate.m */,
				F3A9034B19BAB636007CF8A9 /* Main.storyboard */,
				F3A9034E19BAB636007CF8A9 /* CPViewController.h */,
				F3A9034F19BAB636007CF8A9 /* CPViewController.m */,
				F3A9035119BAB636007CF8A9 /* Images.xcassets */,
				F3A9034019BAB636007CF8A9 /* Supporting Files */,
			);
			path = "GIT Test";
			sourceTree = "<group>";
		};
		F3A9034019BAB636007CF8A9 /* Supporting Files */ = {
			isa = PBXGroup;
			children = (
				F3A9034119BAB636007CF8A9 /* GIT Test-Info.plist */,
				F3A9034219BAB636007CF8A9 /* InfoPlist.strings */,
				F3A9034519BAB636007CF8A9 /* main.m */,
				F3A9034719BAB636007CF8A9 /* GIT Test-Prefix.pch */,
			);
			name = "Supporting Files";
			sourceTree = "<group>";
		};
		F3A9035E19BAB636007CF8A9 /* GIT TestTests */ = {
			isa = PBXGroup;
			children = (
				F3A9036419BAB636007CF8A9 /* GIT_TestTests.m */,
				F3A9035F19BAB636007CF8A9 /* Supporting Files */,
			);
			path = "GIT TestTests";
			sourceTree = "<group>";
		};
		F3A9035F19BAB636007CF8A9 /* Supporting Files */ = {
			isa = PBXGroup;
			children = (
				F3A9036019BAB636007CF8A9 /* GIT TestTests-Info.plist */,
				F3A9036119BAB636007CF8A9 /* InfoPlist.strings */,
			);
			name = "Supporting Files";
			sourceTree = "<group>";
		};
/* End PBXGroup section */

/* Begin PBXNativeTarget section */
		F3A9033519BAB636007CF8A9 /* GIT Test */ = {
			isa = PBXNativeTarget;
			buildConfigurationList = F3A9036819BAB636007CF8A9 /* Build configuration list for PBXNativeTarget "GIT Test" */;
			buildPhases = (
				F3A9033219BAB636007CF8A9 /* Sources */,
				F3A9033319BAB636007CF8A9 /* Frameworks */,
				F3A9033419BAB636007CF8A9 /* Resources */,
			);
			buildRules = (
			);
			dependencies = (
			);
			name = "GIT Test";
			productName = "GIT Test";
			productReference = F3A9033619BAB636007CF8A9 /* GIT Test.app */;
			productType = "com.apple.product-type.application";
		};
		F3A9035619BAB636007CF8A9 /* GIT TestTests */ = {
			isa = PBXNativeTarget;
			buildConfigurationList = F3A9036B19BAB636007CF8A9 /* Build configuration list for PBXNativeTarget "GIT TestTests" */;
			buildPhases = (
				F3A9035319BAB636007CF8A9 /* Sources */,
				F3A9035419BAB636007CF8A9 /* Frameworks */,
				F3A9035519BAB636007CF8A9 /* Resources */,
			);
			buildRules = (
			);
			dependencies = (
				F3A9035D19BAB636007CF8A9 /* PBXTargetDependency */,
			);
			name = "GIT TestTests";
			productName = "GIT TestTests";
			productReference = F3A9035719BAB636007CF8A9 /* GIT TestTests.xctest */;
			productType = "com.apple.product-type.bundle.unit-test";
		};
/* End PBXNativeTarget section */

/* Begin PBXProject section */
		F3A9032E19BAB636007CF8A9 /* Project object */ = {
			isa = PBXProject;
			attributes = {
				CLASSPREFIX = CP;
				LastUpgradeCheck = 0510;
				TargetAttributes = {
					F3A9035619BAB636007CF8A9 = {
						TestTargetID = F3A9033519BAB636007CF8A9;
					};
				};
			};
			buildConfigurationList = F3A9033119BAB636007CF8A9 /* Build configuration list for PBXProject "GIT Test" */;
			compatibilityVersion = "Xcode 3.2";
			developmentRegion = English;
			hasScannedForEncodings = 0;
			knownRegions = (
				en,
				Base,
			);
			mainGroup = F3A9032D19BAB636007CF8A9;
			productRefGroup = F3A9033719BAB636007CF8A9 /* Products */;
			projectDirPath = "";
			projectRoot = "";
			targets = (
				F3A9033519BAB636007CF8A9 /* GIT Test */,
				F3A9035619BAB636007CF8A9 /* GIT TestTests */,
			);
		};
/* End PBXProject section */

/* Begin PBXResourcesBuildPhase section */
		F3A9033419BAB636007CF8A9 /* Resources */ = {
			isa = PBXResourcesBuildPhase;
			buildActionMask = 2147483647;
			files = (
				F3A9035219BAB636007CF8A9 /* Images.xcassets in Resources */,
				F3A9034419BAB636007CF8A9 /* InfoPlist.strings in Resources */,
				F3A9034D19BAB636007CF8A9 /* Main.storyboard in Resources */,
			);
			runOnlyForDeploymentPostprocessing = 0;
		};
		F3A9035519BAB636007CF8A9 /* Resources */ = {
			isa = PBXResourcesBuildPhase;
			buildActionMask = 2147483647;
			files = (
				F3A9036319BAB636007CF8A9 /* InfoPlist.strings in Resources */,
			);
			runOnlyForDeploymentPostprocessing = 0;
		};
/* End PBXResourcesBuildPhase section */

/* Begin PBXSourcesBuildPhase section */
		F3A9033219BAB636007CF8A9 /* Sources */ = {
			isa = PBXSourcesBuildPhase;
			buildActionMask = 2147483647;
			files = (
				F3A9034619BAB636007CF8A9 /* main.m in Sources */,
				F3A9034A19BAB636007CF8A9 /* CPAppDelegate.m in Sources */,
				F3A9035019BAB636007CF8A9 /* CPViewController.m in Sources */,
			);
			runOnlyForDeploymentPostprocessing = 0;
		};
		F3A9035319BAB636007CF8A9 /* Sources */ = {
			isa = PBXSourcesBuildPhase;
			buildActionMask = 2147483647;
			files = (
				F3A9036519BAB636007CF8A9 /* GIT_TestTests.m in Sources */,
			);
			runOnlyForDeploymentPostprocessing = 0;
		};
/* End PBXSourcesBuildPhase section */

/* Begin PBXTargetDependency section */
		F3A9035D19BAB636007CF8A9 /* PBXTargetDependency */ = {
			isa = PBXTargetDependency;
			target = F3A9033519BAB636007CF8A9 /* GIT Test */;
			targetProxy = F3A9035C19BAB636007CF8A9 /* PBXContainerItemProxy */;
		};
/* End PBXTargetDependency section */

/* Begin PBXVariantGroup section */
		F3A9034219BAB636007CF8A9 /* InfoPlist.strings */ = {
			isa = PBXVariantGroup;
			children = (
				F3A9034319BAB636007CF8A9 /* en */,
			);
			name = InfoPlist.strings;
			sourceTree = "<group>";
		};
		F3A9034B19BAB636007CF8A9 /* Main.storyboard */ = {
			isa = PBXVariantGroup;
			children = (
				F3A9034C19BAB636007CF8A9 /* Base */,
			);
			name = Main.storyboard;
			sourceTree = "<group>";
		};
		F3A9036119BAB636007CF8A9 /* InfoPlist.strings */ = {
			isa = PBXVariantGroup;
			children = (
				F3A9036219BAB636007CF8A9 /* en */,
			);
			name = InfoPlist.strings;
			sourceTree = "<group>";
		};
/* End PBXVariantGroup section */

/* Begin XCBuildConfiguration section */
		F3A9036619BAB636007CF8A9 /* Debug */ = {
			isa = XCBuildConfiguration;
			buildSettings = {
				ALWAYS_SEARCH_USER_PATHS = NO;
				CLANG_CXX_LANGUAGE_STANDARD = "gnu++0x";
				CLANG_CXX_LIBRARY = "libc++";
				CLANG_ENABLE_MODULES = YES;
				CLANG_ENABLE_OBJC_ARC = YES;
				CLANG_WARN_BOOL_CONVERSION = YES;
				CLANG_WARN_CONSTANT_CONVERSION = YES;
				CLANG_WARN_DIRECT_OBJC_ISA_USAGE = YES_ERROR;
				CLANG_WARN_EMPTY_BODY = YES;
				CLANG_WARN_ENUM_CONVERSION = YES;
				CLANG_WARN_INT_CONVERSION = YES;
				CLANG_WARN_OBJC_ROOT_CLASS = YES_ERROR;
				CLANG_WARN__DUPLICATE_METHOD_MATCH = YES;
				"CODE_SIGN_IDENTITY[sdk=iphoneos*]" = "iPhone Developer";
				COPY_PHASE_STRIP = NO;
				GCC_C_LANGUAGE_STANDARD = gnu99;
				GCC_DYNAMIC_NO_PIC = NO;
				GCC_OPTIMIZATION_LEVEL = 0;
				GCC_PREPROCESSOR_DEFINITIONS = (
					"DEBUG=1",
					"$(inherited)",
				);
				GCC_SYMBOLS_PRIVATE_EXTERN = NO;
				GCC_WARN_64_TO_32_BIT_CONVERSION = YES;
				GCC_WARN_ABOUT_RETURN_TYPE = YES_ERROR;
				GCC_WARN_UNDECLARED_SELECTOR = YES;
				GCC_WARN_UNINITIALIZED_AUTOS = YES_AGGRESSIVE;
				GCC_WARN_UNUSED_FUNCTION = YES;
				GCC_WARN_UNUSED_VARIABLE = YES;
				IPHONEOS_DEPLOYMENT_TARGET = 7.1;
				ONLY_ACTIVE_ARCH = YES;
				SDKROOT = iphoneos;
			};
			name = Debug;
		};
		F3A9036719BAB636007CF8A9 /* Release */ = {
			isa = XCBuildConfiguration;
			buildSettings = {
				ALWAYS_SEARCH_USER_PATHS = NO;
				CLANG_CXX_LANGUAGE_STANDARD = "gnu++0x";
				CLANG_CXX_LIBRARY = "libc++";
				CLANG_ENABLE_MODULES = YES;
				CLANG_ENABLE_OBJC_ARC = YES;
				CLANG_WARN_BOOL_CONVERSION = YES;
				CLANG_WARN_CONSTANT_CONVERSION = YES;
				CLANG_WARN_DIRECT_OBJC_ISA_USAGE = YES_ERROR;
				CLANG_WARN_EMPTY_BODY = YES;
				CLANG_WARN_ENUM_CONVERSION = YES;
				CLANG_WARN_INT_CONVERSION = YES;
				CLANG_WARN_OBJC_ROOT_CLASS = YES_ERROR;
				CLANG_WARN__DUPLICATE_METHOD_MATCH = YES;
				"CODE_SIGN_IDENTITY[sdk=iphoneos*]" = "iPhone Developer";
				COPY_PHASE_STRIP = YES;
				ENABLE_NS_ASSERTIONS = NO;
				GCC_C_LANGUAGE_STANDARD = gnu99;
				GCC_WARN_64_TO_32_BIT_CONVERSION = YES;
				GCC_WARN_ABOUT_RETURN_TYPE = YES_ERROR;
				GCC_WARN_UNDECLARED_SELECTOR = YES;
				GCC_WARN_UNINITIALIZED_AUTOS = YES_AGGRESSIVE;
				GCC_WARN_UNUSED_FUNCTION = YES;
				GCC_WARN_UNUSED_VARIABLE = YES;
				IPHONEOS_DEPLOYMENT_TARGET = 7.1;
				SDKROOT = iphoneos;
				VALIDATE_PRODUCT = YES;
			};
			name = Release;
		};
		F3A9036919BAB636007CF8A9 /* Debug */ = {
			isa = XCBuildConfiguration;
			buildSettings = {
				ASSETCATALOG_COMPILER_APPICON_NAME = AppIcon;
				ASSETCATALOG_COMPILER_LAUNCHIMAGE_NAME = LaunchImage;
				GCC_PRECOMPILE_PREFIX_HEADER = YES;
				GCC_PREFIX_HEADER = "GIT Test/GIT Test-Prefix.pch";
				INFOPLIST_FILE = "GIT Test/GIT Test-Info.plist";
				PRODUCT_NAME = "$(TARGET_NAME)";
				WRAPPER_EXTENSION = app;
			};
			name = Debug;
		};
		F3A9036A19BAB636007CF8A9 /* Release */ = {
			isa = XCBuildConfiguration;
			buildSettings = {
				ASSETCATALOG_COMPILER_APPICON_NAME = AppIcon;
				ASSETCATALOG_COMPILER_LAUNCHIMAGE_NAME = LaunchImage;
				GCC_PRECOMPILE_PREFIX_HEADER = YES;
				GCC_PREFIX_HEADER = "GIT Test/GIT Test-Prefix.pch";
				INFOPLIST_FILE = "GIT Test/GIT Test-Info.plist";
				PRODUCT_NAME = "$(TARGET_NAME)";
				WRAPPER_EXTENSION = app;
			};
			name = Release;
		};
		F3A9036C19BAB636007CF8A9 /* Debug */ = {
			isa = XCBuildConfiguration;
			buildSettings = {
				BUNDLE_LOADER = "$(BUILT_PRODUCTS_DIR)/GIT Test.app/GIT Test";
				FRAMEWORK_SEARCH_PATHS = (
					"$(SDKROOT)/Developer/Library/Frameworks",
					"$(inherited)",
					"$(DEVELOPER_FRAMEWORKS_DIR)",
				);
				GCC_PRECOMPILE_PREFIX_HEADER = YES;
				GCC_PREFIX_HEADER = "GIT Test/GIT Test-Prefix.pch";
				GCC_PREPROCESSOR_DEFINITIONS = (
					"DEBUG=1",
					"$(inherited)",
				);
				INFOPLIST_FILE = "GIT TestTests/GIT TestTests-Info.plist";
				PRODUCT_NAME = "$(TARGET_NAME)";
				TEST_HOST = "$(BUNDLE_LOADER)";
				WRAPPER_EXTENSION = xctest;
			};
			name = Debug;
		};
		F3A9036D19BAB636007CF8A9 /* Release */ = {
			isa = XCBuildConfiguration;
			buildSettings = {
				BUNDLE_LOADER = "$(BUILT_PRODUCTS_DIR)/GIT Test.app/GIT Test";
				FRAMEWORK_SEARCH_PATHS = (
					"$(SDKROOT)/Developer/Library/Frameworks",
					"$(inherited)",
					"$(DEVELOPER_FRAMEWORKS_DIR)",
				);
				GCC_PRECOMPILE_PREFIX_HEADER = YES;
				GCC_PREFIX_HEADER = "GIT Test/GIT Test-Prefix.pch";
				INFOPLIST_FILE = "GIT TestTests/GIT TestTests-Info.plist";
				PRODUCT_NAME = "$(TARGET_NAME)";
				TEST_HOST = "$(BUNDLE_LOADER)";
				WRAPPER_EXTENSION = xctest;
			};
			name = Release;
		};
/* End XCBuildConfiguration section */

/* Begin XCConfigurationList section */
		F3A9033119BAB636007CF8A9 /* Build configuration list for PBXProject "GIT Test" */ = {
			isa = XCConfigurationList;
			buildConfigurations = (
				F3A9036619BAB636007CF8A9 /* Debug */,
				F3A9036719BAB636007CF8A9 /* Release */,
			);
			defaultConfigurationIsVisible = 0;
			defaultConfigurationName = Release;
		};
		F3A9036819BAB636007CF8A9 /* Build configuration list for PBXNativeTarget "GIT Test" */ = {
			isa = XCConfigurationList;
			buildConfigurations = (
				F3A9036919BAB636007CF8A9 /* Debug */,
				F3A9036A19BAB636007CF8A9 /* Release */,
			);
			defaultConfigurationIsVisible = 0;
		};
		F3A9036B19BAB636007CF8A9 /* Build configuration list for PBXNativeTarget "GIT TestTests" */ = {
			isa = XCConfigurationList;
			buildConfigurations = (
				F3A9036C19BAB636007CF8A9 /* Debug */,
				F3A9036D19BAB636007CF8A9 /* Release */,
			);
			defaultConfigurationIsVisible = 0;
		};
/* End XCConfigurationList section */
	};
	rootObject = F3A9032E19BAB636007CF8A9 /* Project object */;
}
